
Microsoft Visual Studio Solution File, Format Version 12.00
# Visual Studio Version 16
VisualStudioVersion = 16.0.31624.102
MinimumVisualStudioVersion = 10.0.40219.1
Project("{FAE04EC0-301F-11D3-BF4B-00C04F79EFBC}") = "Programming Exercise 10", "Programming Exercise 10.csproj", "{285D200D-8228-4755-AA22-B09CDB98DF80}"
EndProject
Global
	GlobalSection(SolutionConfigurationPlatforms) = preSolution
		Debug|Any CPU = Debug|Any CPU
		Release|Any CPU = Release|Any CPU
	EndGlobalSection
	GlobalSection(ProjectConfigurationPlatforms) = postSolution
		{285D200D-8228-4755-AA22-B09CDB98DF80}.Debug|Any CPU.ActiveCfg = Debug|Any CPU
		{285D200D-8228-4755-AA22-B09CDB98DF80}.Debug|Any CPU.Build.0 = Debug|Any CPU
		{285D200D-8228-4755-AA22-B09CDB98DF80}.Release|Any CPU.ActiveCfg = Release|Any CPU
		{285D200D-8228-4755-AA22-B09CDB98DF80}.Release|Any CPU.Build.0 = Release|Any CPU
	EndGlobalSection
	GlobalSection(SolutionProperties) = preSolution
		HideSolutionNode = FALSE
	EndGlobalSection
	GlobalSection(ExtensibilityGlobals) = postSolution
		SolutionGuid = {92383FFC-E88D-4723-9326-6E2D447ED130}
	EndGlobalSection
EndGlobal
