
Microsoft Visual Studio Solution File, Format Version 12.00
# Visual Studio Version 16
VisualStudioVersion = 16.0.31624.102
MinimumVisualStudioVersion = 10.0.40219.1
Project("{FAE04EC0-301F-11D3-BF4B-00C04F79EFBC}") = "Question 5", "Question 5.csproj", "{4040136D-B089-4B20-9905-DD20B671D15D}"
EndProject
Global
	GlobalSection(SolutionConfigurationPlatforms) = preSolution
		Debug|Any CPU = Debug|Any CPU
		Release|Any CPU = Release|Any CPU
	EndGlobalSection
	GlobalSection(ProjectConfigurationPlatforms) = postSolution
		{4040136D-B089-4B20-9905-DD20B671D15D}.Debug|Any CPU.ActiveCfg = Debug|Any CPU
		{4040136D-B089-4B20-9905-DD20B671D15D}.Debug|Any CPU.Build.0 = Debug|Any CPU
		{4040136D-B089-4B20-9905-DD20B671D15D}.Release|Any CPU.ActiveCfg = Release|Any CPU
		{4040136D-B089-4B20-9905-DD20B671D15D}.Release|Any CPU.Build.0 = Release|Any CPU
	EndGlobalSection
	GlobalSection(SolutionProperties) = preSolution
		HideSolutionNode = FALSE
	EndGlobalSection
	GlobalSection(ExtensibilityGlobals) = postSolution
		SolutionGuid = {A1AC7DD4-4960-4B0F-ACD6-680F8A2258AB}
	EndGlobalSection
EndGlobal
