
Microsoft Visual Studio Solution File, Format Version 12.00
# Visual Studio Version 16
VisualStudioVersion = 16.0.31624.102
MinimumVisualStudioVersion = 10.0.40219.1
Project("{FAE04EC0-301F-11D3-BF4B-00C04F79EFBC}") = "ProgrammingAssignment1", "ProgrammingAssignment1.csproj", "{ACCBF96F-767B-4BF9-8174-7CAC1873D528}"
EndProject
Global
	GlobalSection(SolutionConfigurationPlatforms) = preSolution
		Debug|Any CPU = Debug|Any CPU
		Release|Any CPU = Release|Any CPU
	EndGlobalSection
	GlobalSection(ProjectConfigurationPlatforms) = postSolution
		{ACCBF96F-767B-4BF9-8174-7CAC1873D528}.Debug|Any CPU.ActiveCfg = Debug|Any CPU
		{ACCBF96F-767B-4BF9-8174-7CAC1873D528}.Debug|Any CPU.Build.0 = Debug|Any CPU
		{ACCBF96F-767B-4BF9-8174-7CAC1873D528}.Release|Any CPU.ActiveCfg = Release|Any CPU
		{ACCBF96F-767B-4BF9-8174-7CAC1873D528}.Release|Any CPU.Build.0 = Release|Any CPU
	EndGlobalSection
	GlobalSection(SolutionProperties) = preSolution
		HideSolutionNode = FALSE
	EndGlobalSection
	GlobalSection(ExtensibilityGlobals) = postSolution
		SolutionGuid = {5B39DAF5-378A-45F7-819A-3DFB988B4F71}
	EndGlobalSection
EndGlobal
