
Microsoft Visual Studio Solution File, Format Version 12.00
# Visual Studio Version 16
VisualStudioVersion = 16.0.31624.102
MinimumVisualStudioVersion = 10.0.40219.1
Project("{FAE04EC0-301F-11D3-BF4B-00C04F79EFBC}") = "Programming Exercise 9", "Programming Exercise 9.csproj", "{0C75EE45-9304-417A-99EC-0A86F8CA137B}"
EndProject
Global
	GlobalSection(SolutionConfigurationPlatforms) = preSolution
		Debug|Any CPU = Debug|Any CPU
		Release|Any CPU = Release|Any CPU
	EndGlobalSection
	GlobalSection(ProjectConfigurationPlatforms) = postSolution
		{0C75EE45-9304-417A-99EC-0A86F8CA137B}.Debug|Any CPU.ActiveCfg = Debug|Any CPU
		{0C75EE45-9304-417A-99EC-0A86F8CA137B}.Debug|Any CPU.Build.0 = Debug|Any CPU
		{0C75EE45-9304-417A-99EC-0A86F8CA137B}.Release|Any CPU.ActiveCfg = Release|Any CPU
		{0C75EE45-9304-417A-99EC-0A86F8CA137B}.Release|Any CPU.Build.0 = Release|Any CPU
	EndGlobalSection
	GlobalSection(SolutionProperties) = preSolution
		HideSolutionNode = FALSE
	EndGlobalSection
	GlobalSection(ExtensibilityGlobals) = postSolution
		SolutionGuid = {803FC26F-4180-4C9F-9FFE-CD11A2D71CD6}
	EndGlobalSection
EndGlobal
